// !$*UTF8*$!
{
	archiveVersion = 1;
	classes = {
	};
	objectVersion = 46;
	objects = {

/* Begin PBXBuildFile section */
		014084FE1D8B827400942399 /* AppDelegate.swift in Sources */ = {isa = PBXBuildFile; fileRef = 014084FD1D8B827400942399 /* AppDelegate.swift */; };
		014085001D8B827400942399 /* ViewController.swift in Sources */ = {isa = PBXBuildFile; fileRef = 014084FF1D8B827400942399 /* ViewController.swift */; };
		014085031D8B827400942399 /* Main.storyboard in Resources */ = {isa = PBXBuildFile; fileRef = 014085011D8B827400942399 /* Main.storyboard */; };
		014085051D8B827400942399 /* Assets.xcassets in Resources */ = {isa = PBXBuildFile; fileRef = 014085041D8B827400942399 /* Assets.xcassets */; };
		014085081D8B827400942399 /* LaunchScreen.storyboard in Resources */ = {isa = PBXBuildFile; fileRef = 014085061D8B827400942399 /* LaunchScreen.storyboard */; };
		0140850D1D8B827400942399 /* Time Tracker WatchKit App.app in Embed Watch Content */ = {isa = PBXBuildFile; fileRef = 0140850C1D8B827400942399 /* Time Tracker WatchKit App.app */; };
		014085131D8B827400942399 /* Interface.storyboard in Resources */ = {isa = PBXBuildFile; fileRef = 014085111D8B827400942399 /* Interface.storyboard */; };
		014085151D8B827400942399 /* Assets.xcassets in Resources */ = {isa = PBXBuildFile; fileRef = 014085141D8B827400942399 /* Assets.xcassets */; };
		0140851C1D8B827400942399 /* Time Tracker WatchKit Extension.appex in Embed App Extensions */ = {isa = PBXBuildFile; fileRef = 0140851B1D8B827400942399 /* Time Tracker WatchKit Extension.appex */; settings = {ATTRIBUTES = (RemoveHeadersOnCopy, ); }; };
		014085211D8B827400942399 /* InterfaceController.swift in Sources */ = {isa = PBXBuildFile; fileRef = 014085201D8B827400942399 /* InterfaceController.swift */; };
		014085231D8B827400942399 /* ExtensionDelegate.swift in Sources */ = {isa = PBXBuildFile; fileRef = 014085221D8B827400942399 /* ExtensionDelegate.swift */; };
		014085251D8B827400942399 /* Assets.xcassets in Resources */ = {isa = PBXBuildFile; fileRef = 014085241D8B827400942399 /* Assets.xcassets */; };
/* End PBXBuildFile section */

/* Begin PBXContainerItemProxy section */
		0140850E1D8B827400942399 /* PBXContainerItemProxy */ = {
			isa = PBXContainerItemProxy;
			containerPortal = 014084F21D8B827400942399 /* Project object */;
			proxyType = 1;
			remoteGlobalIDString = 0140850B1D8B827400942399;
			remoteInfo = "Time Tracker WatchKit App";
		};
		0140851D1D8B827400942399 /* PBXContainerItemProxy */ = {
			isa = PBXContainerItemProxy;
			containerPortal = 014084F21D8B827400942399 /* Project object */;
			proxyType = 1;
			remoteGlobalIDString = 0140851A1D8B827400942399;
			remoteInfo = "Time Tracker WatchKit Extension";
		};
/* End PBXContainerItemProxy section */

/* Begin PBXCopyFilesBuildPhase section */
		0140852C1D8B827400942399 /* Embed App Extensions */ = {
			isa = PBXCopyFilesBuildPhase;
			buildActionMask = 2147483647;
			dstPath = "";
			dstSubfolderSpec = 13;
			files = (
				0140851C1D8B827400942399 /* Time Tracker WatchKit Extension.appex in Embed App Extensions */,
			);
			name = "Embed App Extensions";
			runOnlyForDeploymentPostprocessing = 0;
		};
		014085301D8B827400942399 /* Embed Watch Content */ = {
			isa = PBXCopyFilesBuildPhase;
			buildActionMask = 2147483647;
			dstPath = "$(CONTENTS_FOLDER_PATH)/Watch";
			dstSubfolderSpec = 16;
			files = (
				0140850D1D8B827400942399 /* Time Tracker WatchKit App.app in Embed Watch Content */,
			);
			name = "Embed Watch Content";
			runOnlyForDeploymentPostprocessing = 0;
		};
/* End PBXCopyFilesBuildPhase section */

/* Begin PBXFileReference section */
		014084FA1D8B827400942399 /* Time Tracker.app */ = {isa = PBXFileReference; explicitFileType = wrapper.application; includeInIndex = 0; path = "Time Tracker.app"; sourceTree = BUILT_PRODUCTS_DIR; };
		014084FD1D8B827400942399 /* AppDelegate.swift */ = {isa = PBXFileReference; lastKnownFileType = sourcecode.swift; path = AppDelegate.swift; sourceTree = "<group>"; };
		014084FF1D8B827400942399 /* ViewController.swift */ = {isa = PBXFileReference; lastKnownFileType = sourcecode.swift; path = ViewController.swift; sourceTree = "<group>"; };
		014085021D8B827400942399 /* Base */ = {isa = PBXFileReference; lastKnownFileType = file.storyboard; name = Base; path = Base.lproj/Main.storyboard; sourceTree = "<group>"; };
		014085041D8B827400942399 /* Assets.xcassets */ = {isa = PBXFileReference; lastKnownFileType = folder.assetcatalog; path = Assets.xcassets; sourceTree = "<group>"; };
		014085071D8B827400942399 /* Base */ = {isa = PBXFileReference; lastKnownFileType = file.storyboard; name = Base; path = Base.lproj/LaunchScreen.storyboard; sourceTree = "<group>"; };
		014085091D8B827400942399 /* Info.plist */ = {isa = PBXFileReference; lastKnownFileType = text.plist.xml; path = Info.plist; sourceTree = "<group>"; };
		0140850C1D8B827400942399 /* Time Tracker WatchKit App.app */ = {isa = PBXFileReference; explicitFileType = wrapper.application; includeInIndex = 0; path = "Time Tracker WatchKit App.app"; sourceTree = BUILT_PRODUCTS_DIR; };
		014085121D8B827400942399 /* Base */ = {isa = PBXFileReference; lastKnownFileType = file.storyboard; name = Base; path = Base.lproj/Interface.storyboard; sourceTree = "<group>"; };
		014085141D8B827400942399 /* Assets.xcassets */ = {isa = PBXFileReference; lastKnownFileType = folder.assetcatalog; path = Assets.xcassets; sourceTree = "<group>"; };
		014085161D8B827400942399 /* Info.plist */ = {isa = PBXFileReference; lastKnownFileType = text.plist.xml; path = Info.plist; sourceTree = "<group>"; };
		0140851B1D8B827400942399 /* Time Tracker WatchKit Extension.appex */ = {isa = PBXFileReference; explicitFileType = "wrapper.app-extension"; includeInIndex = 0; path = "Time Tracker WatchKit Extension.appex"; sourceTree = BUILT_PRODUCTS_DIR; };
		014085201D8B827400942399 /* InterfaceController.swift */ = {isa = PBXFileReference; lastKnownFileType = sourcecode.swift; path = InterfaceController.swift; sourceTree = "<group>"; };
		014085221D8B827400942399 /* ExtensionDelegate.swift */ = {isa = PBXFileReference; lastKnownFileType = sourcecode.swift; path = ExtensionDelegate.swift; sourceTree = "<group>"; };
		014085241D8B827400942399 /* Assets.xcassets */ = {isa = PBXFileReference; lastKnownFileType = folder.assetcatalog; path = Assets.xcassets; sourceTree = "<group>"; };
		014085261D8B827400942399 /* Info.plist */ = {isa = PBXFileReference; lastKnownFileType = text.plist.xml; path = Info.plist; sourceTree = "<group>"; };
/* End PBXFileReference section */

/* Begin PBXFrameworksBuildPhase section */
		014084F71D8B827400942399 /* Frameworks */ = {
			isa = PBXFrameworksBuildPhase;
			buildActionMask = 2147483647;
			files = (
			);
			runOnlyForDeploymentPostprocessing = 0;
		};
		014085181D8B827400942399 /* Frameworks */ = {
			isa = PBXFrameworksBuildPhase;
			buildActionMask = 2147483647;
			files = (
			);
			runOnlyForDeploymentPostprocessing = 0;
		};
/* End PBXFrameworksBuildPhase section */

/* Begin PBXGroup section */
		014084F11D8B827400942399 = {
			isa = PBXGroup;
			children = (
				014084FC1D8B827400942399 /* Time Tracker */,
				014085101D8B827400942399 /* Time Tracker WatchKit App */,
				0140851F1D8B827400942399 /* Time Tracker WatchKit Extension */,
				014084FB1D8B827400942399 /* Products */,
			);
			sourceTree = "<group>";
		};
		014084FB1D8B827400942399 /* Products */ = {
			isa = PBXGroup;
			children = (
				014084FA1D8B827400942399 /* Time Tracker.app */,
				0140850C1D8B827400942399 /* Time Tracker WatchKit App.app */,
				0140851B1D8B827400942399 /* Time Tracker WatchKit Extension.appex */,
			);
			name = Products;
			sourceTree = "<group>";
		};
		014084FC1D8B827400942399 /* Time Tracker */ = {
			isa = PBXGroup;
			children = (
				014084FD1D8B827400942399 /* AppDelegate.swift */,
				014084FF1D8B827400942399 /* ViewController.swift */,
				014085011D8B827400942399 /* Main.storyboard */,
				014085041D8B827400942399 /* Assets.xcassets */,
				014085061D8B827400942399 /* LaunchScreen.storyboard */,
				014085091D8B827400942399 /* Info.plist */,
			);
			path = "Time Tracker";
			sourceTree = "<group>";
		};
		014085101D8B827400942399 /* Time Tracker WatchKit App */ = {
			isa = PBXGroup;
			children = (
				014085111D8B827400942399 /* Interface.storyboard */,
				014085141D8B827400942399 /* Assets.xcassets */,
				014085161D8B827400942399 /* Info.plist */,
			);
			path = "Time Tracker WatchKit App";
			sourceTree = "<group>";
		};
		0140851F1D8B827400942399 /* Time Tracker WatchKit Extension */ = {
			isa = PBXGroup;
			children = (
				014085201D8B827400942399 /* InterfaceController.swift */,
				014085221D8B827400942399 /* ExtensionDelegate.swift */,
				014085241D8B827400942399 /* Assets.xcassets */,
				014085261D8B827400942399 /* Info.plist */,
			);
			path = "Time Tracker WatchKit Extension";
			sourceTree = "<group>";
		};
/* End PBXGroup section */

/* Begin PBXNativeTarget section */
		014084F91D8B827400942399 /* Time Tracker */ = {
			isa = PBXNativeTarget;
			buildConfigurationList = 014085311D8B827400942399 /* Build configuration list for PBXNativeTarget "Time Tracker" */;
			buildPhases = (
				014084F61D8B827400942399 /* Sources */,
				014084F71D8B827400942399 /* Frameworks */,
				014084F81D8B827400942399 /* Resources */,
				014085301D8B827400942399 /* Embed Watch Content */,
			);
			buildRules = (
			);
			dependencies = (
				0140850F1D8B827400942399 /* PBXTargetDependency */,
			);
			name = "Time Tracker";
			productName = "Time Tracker";
			productReference = 014084FA1D8B827400942399 /* Time Tracker.app */;
			productType = "com.apple.product-type.application";
		};
		0140850B1D8B827400942399 /* Time Tracker WatchKit App */ = {
			isa = PBXNativeTarget;
			buildConfigurationList = 0140852D1D8B827400942399 /* Build configuration list for PBXNativeTarget "Time Tracker WatchKit App" */;
			buildPhases = (
				0140850A1D8B827400942399 /* Resources */,
				0140852C1D8B827400942399 /* Embed App Extensions */,
			);
			buildRules = (
			);
			dependencies = (
				0140851E1D8B827400942399 /* PBXTargetDependency */,
			);
			name = "Time Tracker WatchKit App";
			productName = "Time Tracker WatchKit App";
			productReference = 0140850C1D8B827400942399 /* Time Tracker WatchKit App.app */;
			productType = "com.apple.product-type.application.watchapp2";
		};
		0140851A1D8B827400942399 /* Time Tracker WatchKit Extension */ = {
			isa = PBXNativeTarget;
			buildConfigurationList = 014085291D8B827400942399 /* Build configuration list for PBXNativeTarget "Time Tracker WatchKit Extension" */;
			buildPhases = (
				014085171D8B827400942399 /* Sources */,
				014085181D8B827400942399 /* Frameworks */,
				014085191D8B827400942399 /* Resources */,
			);
			buildRules = (
			);
			dependencies = (
			);
			name = "Time Tracker WatchKit Extension";
			productName = "Time Tracker WatchKit Extension";
			productReference = 0140851B1D8B827400942399 /* Time Tracker WatchKit Extension.appex */;
			productType = "com.apple.product-type.watchkit2-extension";
		};
/* End PBXNativeTarget section */

/* Begin PBXProject section */
		014084F21D8B827400942399 /* Project object */ = {
			isa = PBXProject;
			attributes = {
				LastSwiftUpdateCheck = 0800;
				LastUpgradeCheck = 0800;
				ORGANIZATIONNAME = "Zappy Code";
				TargetAttributes = {
					014084F91D8B827400942399 = {
						CreatedOnToolsVersion = 8.0;
						DevelopmentTeam = WLDBM3YRW9;
						ProvisioningStyle = Automatic;
					};
					0140850B1D8B827400942399 = {
						CreatedOnToolsVersion = 8.0;
						DevelopmentTeam = WLDBM3YRW9;
						ProvisioningStyle = Automatic;
					};
					0140851A1D8B827400942399 = {
						CreatedOnToolsVersion = 8.0;
						DevelopmentTeam = WLDBM3YRW9;
						ProvisioningStyle = Automatic;
					};
				};
			};
			buildConfigurationList = 014084F51D8B827400942399 /* Build configuration list for PBXProject "Time Tracker" */;
			compatibilityVersion = "Xcode 3.2";
			developmentRegion = English;
			hasScannedForEncodings = 0;
			knownRegions = (
				en,
				Base,
			);
			mainGroup = 014084F11D8B827400942399;
			productRefGroup = 014084FB1D8B827400942399 /* Products */;
			projectDirPath = "";
			projectRoot = "";
			targets = (
				014084F91D8B827400942399 /* Time Tracker */,
				0140850B1D8B827400942399 /* Time Tracker WatchKit App */,
				0140851A1D8B827400942399 /* Time Tracker WatchKit Extension */,
			);
		};
/* End PBXProject section */

/* Begin PBXResourcesBuildPhase section */
		014084F81D8B827400942399 /* Resources */ = {
			isa = PBXResourcesBuildPhase;
			buildActionMask = 2147483647;
			files = (
				014085081D8B827400942399 /* LaunchScreen.storyboard in Resources */,
				014085051D8B827400942399 /* Assets.xcassets in Resources */,
				014085031D8B827400942399 /* Main.storyboard in Resources */,
			);
			runOnlyForDeploymentPostprocessing = 0;
		};
		0140850A1D8B827400942399 /* Resources */ = {
			isa = PBXResourcesBuildPhase;
			buildActionMask = 2147483647;
			files = (
				014085151D8B827400942399 /* Assets.xcassets in Resources */,
				014085131D8B827400942399 /* Interface.storyboard in Resources */,
			);
			runOnlyForDeploymentPostprocessing = 0;
		};
		014085191D8B827400942399 /* Resources */ = {
			isa = PBXResourcesBuildPhase;
			buildActionMask = 2147483647;
			files = (
				014085251D8B827400942399 /* Assets.xcassets in Resources */,
			);
			runOnlyForDeploymentPostprocessing = 0;
		};
/* End PBXResourcesBuildPhase section */

/* Begin PBXSourcesBuildPhase section */
		014084F61D8B827400942399 /* Sources */ = {
			isa = PBXSourcesBuildPhase;
			buildActionMask = 2147483647;
			files = (
				014085001D8B827400942399 /* ViewController.swift in Sources */,
				014084FE1D8B827400942399 /* AppDelegate.swift in Sources */,
			);
			runOnlyForDeploymentPostprocessing = 0;
		};
		014085171D8B827400942399 /* Sources */ = {
			isa = PBXSourcesBuildPhase;
			buildActionMask = 2147483647;
			files = (
				014085231D8B827400942399 /* ExtensionDelegate.swift in Sources */,
				014085211D8B827400942399 /* InterfaceController.swift in Sources */,
			);
			runOnlyForDeploymentPostprocessing = 0;
		};
/* End PBXSourcesBuildPhase section */

/* Begin PBXTargetDependency section */
		0140850F1D8B827400942399 /* PBXTargetDependency */ = {
			isa = PBXTargetDependency;
			target = 0140850B1D8B827400942399 /* Time Tracker WatchKit App */;
			targetProxy = 0140850E1D8B827400942399 /* PBXContainerItemProxy */;
		};
		0140851E1D8B827400942399 /* PBXTargetDependency */ = {
			isa = PBXTargetDependency;
			target = 0140851A1D8B827400942399 /* Time Tracker WatchKit Extension */;
			targetProxy = 0140851D1D8B827400942399 /* PBXContainerItemProxy */;
		};
/* End PBXTargetDependency section */

/* Begin PBXVariantGroup section */
		014085011D8B827400942399 /* Main.storyboard */ = {
			isa = PBXVariantGroup;
			children = (
				014085021D8B827400942399 /* Base */,
			);
			name = Main.storyboard;
			sourceTree = "<group>";
		};
		014085061D8B827400942399 /* LaunchScreen.storyboard */ = {
			isa = PBXVariantGroup;
			children = (
				014085071D8B827400942399 /* Base */,
			);
			name = LaunchScreen.storyboard;
			sourceTree = "<group>";
		};
		014085111D8B827400942399 /* Interface.storyboard */ = {
			isa = PBXVariantGroup;
			children = (
				014085121D8B827400942399 /* Base */,
			);
			name = Interface.storyboard;
			sourceTree = "<group>";
		};
/* End PBXVariantGroup section */

/* Begin XCBuildConfiguration section */
		014085271D8B827400942399 /* Debug */ = {
			isa = XCBuildConfiguration;
			buildSettings = {
				ALWAYS_SEARCH_USER_PATHS = NO;
				CLANG_ANALYZER_NONNULL = YES;
				CLANG_CXX_LANGUAGE_STANDARD = "gnu++0x";
				CLANG_CXX_LIBRARY = "libc++";
				CLANG_ENABLE_MODULES = YES;
				CLANG_ENABLE_OBJC_ARC = YES;
				CLANG_WARN_BOOL_CONVERSION = YES;
				CLANG_WARN_CONSTANT_CONVERSION = YES;
				CLANG_WARN_DIRECT_OBJC_ISA_USAGE = YES_ERROR;
				CLANG_WARN_DOCUMENTATION_COMMENTS = YES;
				CLANG_WARN_EMPTY_BODY = YES;
				CLANG_WARN_ENUM_CONVERSION = YES;
				CLANG_WARN_INFINITE_RECURSION = YES;
				CLANG_WARN_INT_CONVERSION = YES;
				CLANG_WARN_OBJC_ROOT_CLASS = YES_ERROR;
				CLANG_WARN_SUSPICIOUS_MOVES = YES;
				CLANG_WARN_UNREACHABLE_CODE = YES;
				CLANG_WARN__DUPLICATE_METHOD_MATCH = YES;
				"CODE_SIGN_IDENTITY[sdk=iphoneos*]" = "iPhone Developer";
				COPY_PHASE_STRIP = NO;
				DEBUG_INFORMATION_FORMAT = dwarf;
				ENABLE_STRICT_OBJC_MSGSEND = YES;
				ENABLE_TESTABILITY = YES;
				GCC_C_LANGUAGE_STANDARD = gnu99;
				GCC_DYNAMIC_NO_PIC = NO;
				GCC_NO_COMMON_BLOCKS = YES;
				GCC_OPTIMIZATION_LEVEL = 0;
				GCC_PREPROCESSOR_DEFINITIONS = (
					"DEBUG=1",
					"$(inherited)",
				);
				GCC_WARN_64_TO_32_BIT_CONVERSION = YES;
				GCC_WARN_ABOUT_RETURN_TYPE = YES_ERROR;
				GCC_WARN_UNDECLARED_SELECTOR = YES;
				GCC_WARN_UNINITIALIZED_AUTOS = YES_AGGRESSIVE;
				GCC_WARN_UNUSED_FUNCTION = YES;
				GCC_WARN_UNUSED_VARIABLE = YES;
				IPHONEOS_DEPLOYMENT_TARGET = 10.0;
				MTL_ENABLE_DEBUG_INFO = YES;
				ONLY_ACTIVE_ARCH = YES;
				SDKROOT = iphoneos;
				SWIFT_ACTIVE_COMPILATION_CONDITIONS = DEBUG;
				SWIFT_OPTIMIZATION_LEVEL = "-Onone";
			};
			name = Debug;
		};
		014085281D8B827400942399 /* Release */ = {
			isa = XCBuildConfiguration;
			buildSettings = {
				ALWAYS_SEARCH_USER_PATHS = NO;
				CLANG_ANALYZER_NONNULL = YES;
				CLANG_CXX_LANGUAGE_STANDARD = "gnu++0x";
				CLANG_CXX_LIBRARY = "libc++";
				CLANG_ENABLE_MODULES = YES;
				CLANG_ENABLE_OBJC_ARC = YES;
				CLANG_WARN_BOOL_CONVERSION = YES;
				CLANG_WARN_CONSTANT_CONVERSION = YES;
				CLANG_WARN_DIRECT_OBJC_ISA_USAGE = YES_ERROR;
				CLANG_WARN_DOCUMENTATION_COMMENTS = YES;
				CLANG_WARN_EMPTY_BODY = YES;
				CLANG_WARN_ENUM_CONVERSION = YES;
				CLANG_WARN_INFINITE_RECURSION = YES;
				CLANG_WARN_INT_CONVERSION = YES;
				CLANG_WARN_OBJC_ROOT_CLASS = YES_ERROR;
				CLANG_WARN_SUSPICIOUS_MOVES = YES;
				CLANG_WARN_UNREACHABLE_CODE = YES;
				CLANG_WARN__DUPLICATE_METHOD_MATCH = YES;
				"CODE_SIGN_IDENTITY[sdk=iphoneos*]" = "iPhone Developer";
				COPY_PHASE_STRIP = NO;
				DEBUG_INFORMATION_FORMAT = "dwarf-with-dsym";
				ENABLE_NS_ASSERTIONS = NO;
				ENABLE_STRICT_OBJC_MSGSEND = YES;
				GCC_C_LANGUAGE_STANDARD = gnu99;
				GCC_NO_COMMON_BLOCKS = YES;
				GCC_WARN_64_TO_32_BIT_CONVERSION = YES;
				GCC_WARN_ABOUT_RETURN_TYPE = YES_ERROR;
				GCC_WARN_UNDECLARED_SELECTOR = YES;
				GCC_WARN_UNINITIALIZED_AUTOS = YES_AGGRESSIVE;
				GCC_WARN_UNUSED_FUNCTION = YES;
				GCC_WARN_UNUSED_VARIABLE = YES;
				IPHONEOS_DEPLOYMENT_TARGET = 10.0;
				MTL_ENABLE_DEBUG_INFO = NO;
				SDKROOT = iphoneos;
				SWIFT_OPTIMIZATION_LEVEL = "-Owholemodule";
				VALIDATE_PRODUCT = YES;
			};
			name = Release;
		};
		0140852A1D8B827400942399 /* Debug */ = {
			isa = XCBuildConfiguration;
			buildSettings = {
				ASSETCATALOG_COMPILER_COMPLICATION_NAME = Complication;
				DEVELOPMENT_TEAM = WLDBM3YRW9;
				INFOPLIST_FILE = "Time Tracker WatchKit Extension/Info.plist";
				LD_RUNPATH_SEARCH_PATHS = "$(inherited) @executable_path/Frameworks @executable_path/../../Frameworks";
				PRODUCT_BUNDLE_IDENTIFIER = "com.zappyCode.Time-Tracker.watchkitapp.watchkitextension";
				PRODUCT_NAME = "${TARGET_NAME}";
				SDKROOT = watchos;
				SKIP_INSTALL = YES;
				SWIFT_VERSION = 3.0;
				TARGETED_DEVICE_FAMILY = 4;
				WATCHOS_DEPLOYMENT_TARGET = 3.0;
			};
			name = Debug;
		};
		0140852B1D8B827400942399 /* Release */ = {
			isa = XCBuildConfiguration;
			buildSettings = {
				ASSETCATALOG_COMPILER_COMPLICATION_NAME = Complication;
				DEVELOPMENT_TEAM = WLDBM3YRW9;
				INFOPLIST_FILE = "Time Tracker WatchKit Extension/Info.plist";
				LD_RUNPATH_SEARCH_PATHS = "$(inherited) @executable_path/Frameworks @executable_path/../../Frameworks";
				PRODUCT_BUNDLE_IDENTIFIER = "com.zappyCode.Time-Tracker.watchkitapp.watchkitextension";
				PRODUCT_NAME = "${TARGET_NAME}";
				SDKROOT = watchos;
				SKIP_INSTALL = YES;
				SWIFT_VERSION = 3.0;
				TARGETED_DEVICE_FAMILY = 4;
				WATCHOS_DEPLOYMENT_TARGET = 3.0;
			};
			name = Release;
		};
		0140852E1D8B827400942399 /* Debug */ = {
			isa = XCBuildConfiguration;
			buildSettings = {
				ALWAYS_EMBED_SWIFT_STANDARD_LIBRARIES = YES;
				ASSETCATALOG_COMPILER_APPICON_NAME = AppIcon;
				DEVELOPMENT_TEAM = WLDBM3YRW9;
				IBSC_MODULE = Time_Tracker_WatchKit_Extension;
				INFOPLIST_FILE = "Time Tracker WatchKit App/Info.plist";
				PRODUCT_BUNDLE_IDENTIFIER = "com.zappyCode.Time-Tracker.watchkitapp";
				PRODUCT_NAME = "$(TARGET_NAME)";
				SDKROOT = watchos;
				SKIP_INSTALL = YES;
				SWIFT_VERSION = 3.0;
				TARGETED_DEVICE_FAMILY = 4;
				WATCHOS_DEPLOYMENT_TARGET = 3.0;
			};
			name = Debug;
		};
		0140852F1D8B827400942399 /* Release */ = {
			isa = XCBuildConfiguration;
			buildSettings = {
				ALWAYS_EMBED_SWIFT_STANDARD_LIBRARIES = YES;
				ASSETCATALOG_COMPILER_APPICON_NAME = AppIcon;
				DEVELOPMENT_TEAM = WLDBM3YRW9;
				IBSC_MODULE = Time_Tracker_WatchKit_Extension;
				INFOPLIST_FILE = "Time Tracker WatchKit App/Info.plist";
				PRODUCT_BUNDLE_IDENTIFIER = "com.zappyCode.Time-Tracker.watchkitapp";
				PRODUCT_NAME = "$(TARGET_NAME)";
				SDKROOT = watchos;
				SKIP_INSTALL = YES;
				SWIFT_VERSION = 3.0;
				TARGETED_DEVICE_FAMILY = 4;
				WATCHOS_DEPLOYMENT_TARGET = 3.0;
			};
			name = Release;
		};
		014085321D8B827400942399 /* Debug */ = {
			isa = XCBuildConfiguration;
			buildSettings = {
				ASSETCATALOG_COMPILER_APPICON_NAME = AppIcon;
				DEVELOPMENT_TEAM = WLDBM3YRW9;
				INFOPLIST_FILE = "Time Tracker/Info.plist";
				LD_RUNPATH_SEARCH_PATHS = "$(inherited) @executable_path/Frameworks";
				PRODUCT_BUNDLE_IDENTIFIER = "com.zappyCode.Time-Tracker";
				PRODUCT_NAME = "$(TARGET_NAME)";
				SWIFT_VERSION = 3.0;
			};
			name = Debug;
		};
		014085331D8B827400942399 /* Release */ = {
			isa = XCBuildConfiguration;
			buildSettings = {
				ASSETCATALOG_COMPILER_APPICON_NAME = AppIcon;
				DEVELOPMENT_TEAM = WLDBM3YRW9;
				INFOPLIST_FILE = "Time Tracker/Info.plist";
				LD_RUNPATH_SEARCH_PATHS = "$(inherited) @executable_path/Frameworks";
				PRODUCT_BUNDLE_IDENTIFIER = "com.zappyCode.Time-Tracker";
				PRODUCT_NAME = "$(TARGET_NAME)";
				SWIFT_VERSION = 3.0;
			};
			name = Release;
		};
/* End XCBuildConfiguration section */

/* Begin XCConfigurationList section */
		014084F51D8B827400942399 /* Build configuration list for PBXProject "Time Tracker" */ = {
			isa = XCConfigurationList;
			buildConfigurations = (
				014085271D8B827400942399 /* Debug */,
				014085281D8B827400942399 /* Release */,
			);
			defaultConfigurationIsVisible = 0;
			defaultConfigurationName = Release;
		};
		014085291D8B827400942399 /* Build configuration list for PBXNativeTarget "Time Tracker WatchKit Extension" */ = {
			isa = XCConfigurationList;
			buildConfigurations = (
				0140852A1D8B827400942399 /* Debug */,
				0140852B1D8B827400942399 /* Release */,
			);
			defaultConfigurationIsVisible = 0;
		};
		0140852D1D8B827400942399 /* Build configuration list for PBXNativeTarget "Time Tracker WatchKit App" */ = {
			isa = XCConfigurationList;
			buildConfigurations = (
				0140852E1D8B827400942399 /* Debug */,
				0140852F1D8B827400942399 /* Release */,
			);
			defaultConfigurationIsVisible = 0;
		};
		014085311D8B827400942399 /* Build configuration list for PBXNativeTarget "Time Tracker" */ = {
			isa = XCConfigurationList;
			buildConfigurations = (
				014085321D8B827400942399 /* Debug */,
				014085331D8B827400942399 /* Release */,
			);
			defaultConfigurationIsVisible = 0;
		};
/* End XCConfigurationList section */
	};
	rootObject = 014084F21D8B827400942399 /* Project object */;
}
